
Microsoft Visual Studio Solution File, Format Version 12.00
# Visual Studio 14
VisualStudioVersion = 14.0.23107.0
MinimumVisualStudioVersion = 10.0.40219.1
Project("{FAE04EC0-301F-11D3-BF4B-00C04F79EFBC}") = "Store.Web", "Store.Web\Store.Web.csproj", "{829A1E7A-677C-46E7-ADD5-4D27AB6731C9}"
EndProject
Project("{FAE04EC0-301F-11D3-BF4B-00C04F79EFBC}") = "Store.Domain", "Store.Domain\Store.Domain.csproj", "{5545A830-D550-45A2-B76C-C918216207AF}"
EndProject
Global
	GlobalSection(SolutionConfigurationPlatforms) = preSolution
		Debug|Any CPU = Debug|Any CPU
		Release|Any CPU = Release|Any CPU
	EndGlobalSection
	GlobalSection(ProjectConfigurationPlatforms) = postSolution
		{829A1E7A-677C-46E7-ADD5-4D27AB6731C9}.Debug|Any CPU.ActiveCfg = Debug|Any CPU
		{829A1E7A-677C-46E7-ADD5-4D27AB6731C9}.Debug|Any CPU.Build.0 = Debug|Any CPU
		{829A1E7A-677C-46E7-ADD5-4D27AB6731C9}.Release|Any CPU.ActiveCfg = Release|Any CPU
		{829A1E7A-677C-46E7-ADD5-4D27AB6731C9}.Release|Any CPU.Build.0 = Release|Any CPU
		{5545A830-D550-45A2-B76C-C918216207AF}.Debug|Any CPU.ActiveCfg = Debug|Any CPU
		{5545A830-D550-45A2-B76C-C918216207AF}.Debug|Any CPU.Build.0 = Debug|Any CPU
		{5545A830-D550-45A2-B76C-C918216207AF}.Release|Any CPU.ActiveCfg = Release|Any CPU
		{5545A830-D550-45A2-B76C-C918216207AF}.Release|Any CPU.Build.0 = Release|Any CPU
	EndGlobalSection
	GlobalSection(SolutionProperties) = preSolution
		HideSolutionNode = FALSE
	EndGlobalSection
EndGlobal
